
Microsoft Visual Studio Solution File, Format Version 12.00
# Visual Studio Version 17
VisualStudioVersion = 17.4.33103.184
MinimumVisualStudioVersion = 10.0.40219.1
Project("{FAE04EC0-301F-11D3-BF4B-00C04F79EFBC}") = "WinFormUI", "SLQLite-Food Tracker\WinFormUI.csproj", "{A4DC7A50-3BB6-43E1-8464-077CDF0AB46A}"
EndProject
Global
	GlobalSection(SolutionConfigurationPlatforms) = preSolution
		Debug|Any CPU = Debug|Any CPU
		Release|Any CPU = Release|Any CPU
	EndGlobalSection
	GlobalSection(ProjectConfigurationPlatforms) = postSolution
		{A4DC7A50-3BB6-43E1-8464-077CDF0AB46A}.Debug|Any CPU.ActiveCfg = Debug|Any CPU
		{A4DC7A50-3BB6-43E1-8464-077CDF0AB46A}.Debug|Any CPU.Build.0 = Debug|Any CPU
		{A4DC7A50-3BB6-43E1-8464-077CDF0AB46A}.Release|Any CPU.ActiveCfg = Release|Any CPU
		{A4DC7A50-3BB6-43E1-8464-077CDF0AB46A}.Release|Any CPU.Build.0 = Release|Any CPU
	EndGlobalSection
	GlobalSection(SolutionProperties) = preSolution
		HideSolutionNode = FALSE
	EndGlobalSection
	GlobalSection(ExtensibilityGlobals) = postSolution
		SolutionGuid = {F296827A-64FC-489F-958D-8DD70CA84228}
	EndGlobalSection
EndGlobal
